
Microsoft Visual Studio Solution File, Format Version 12.00
# Visual Studio Version 17
VisualStudioVersion = 17.13.35806.99 d17.13
MinimumVisualStudioVersion = 10.0.40219.1
Project("{FAE04EC0-301F-11D3-BF4B-00C04F79EFBC}") = "WebApi", "WebApi.csproj", "{E9CF1303-4B86-4083-AF52-B5453C65F843}"
EndProject
Project("{FAE04EC0-301F-11D3-BF4B-00C04F79EFBC}") = "Domain", "..\Domain\Domain.csproj", "{8B54F46E-C3F6-43BD-A237-204C5E90122F}"
EndProject
Project("{FAE04EC0-301F-11D3-BF4B-00C04F79EFBC}") = "Business", "..\Business\Business.csproj", "{D1037A80-D37F-409B-823F-5348BF23FBA2}"
EndProject
Project("{FAE04EC0-301F-11D3-BF4B-00C04F79EFBC}") = "DataAccess", "..\DataAccess\DataAccess.csproj", "{E6B2706E-DA5E-4CF2-B8AD-C759BE04AEED}"
EndProject
Project("{FAE04EC0-301F-11D3-BF4B-00C04F79EFBC}") = "Infrastructure", "..\Infrastructure\Infrastructure.csproj", "{E7A80477-5332-449B-996B-B61B0E1D22CF}"
EndProject
Global
	GlobalSection(SolutionConfigurationPlatforms) = preSolution
		Debug|Any CPU = Debug|Any CPU
		Release|Any CPU = Release|Any CPU
	EndGlobalSection
	GlobalSection(ProjectConfigurationPlatforms) = postSolution
		{E9CF1303-4B86-4083-AF52-B5453C65F843}.Debug|Any CPU.ActiveCfg = Debug|Any CPU
		{E9CF1303-4B86-4083-AF52-B5453C65F843}.Debug|Any CPU.Build.0 = Debug|Any CPU
		{E9CF1303-4B86-4083-AF52-B5453C65F843}.Release|Any CPU.ActiveCfg = Release|Any CPU
		{E9CF1303-4B86-4083-AF52-B5453C65F843}.Release|Any CPU.Build.0 = Release|Any CPU
		{8B54F46E-C3F6-43BD-A237-204C5E90122F}.Debug|Any CPU.ActiveCfg = Debug|Any CPU
		{8B54F46E-C3F6-43BD-A237-204C5E90122F}.Debug|Any CPU.Build.0 = Debug|Any CPU
		{8B54F46E-C3F6-43BD-A237-204C5E90122F}.Release|Any CPU.ActiveCfg = Release|Any CPU
		{8B54F46E-C3F6-43BD-A237-204C5E90122F}.Release|Any CPU.Build.0 = Release|Any CPU
		{D1037A80-D37F-409B-823F-5348BF23FBA2}.Debug|Any CPU.ActiveCfg = Debug|Any CPU
		{D1037A80-D37F-409B-823F-5348BF23FBA2}.Debug|Any CPU.Build.0 = Debug|Any CPU
		{D1037A80-D37F-409B-823F-5348BF23FBA2}.Release|Any CPU.ActiveCfg = Release|Any CPU
		{D1037A80-D37F-409B-823F-5348BF23FBA2}.Release|Any CPU.Build.0 = Release|Any CPU
		{E6B2706E-DA5E-4CF2-B8AD-C759BE04AEED}.Debug|Any CPU.ActiveCfg = Debug|Any CPU
		{E6B2706E-DA5E-4CF2-B8AD-C759BE04AEED}.Debug|Any CPU.Build.0 = Debug|Any CPU
		{E6B2706E-DA5E-4CF2-B8AD-C759BE04AEED}.Release|Any CPU.ActiveCfg = Release|Any CPU
		{E6B2706E-DA5E-4CF2-B8AD-C759BE04AEED}.Release|Any CPU.Build.0 = Release|Any CPU
		{E7A80477-5332-449B-996B-B61B0E1D22CF}.Debug|Any CPU.ActiveCfg = Debug|Any CPU
		{E7A80477-5332-449B-996B-B61B0E1D22CF}.Debug|Any CPU.Build.0 = Debug|Any CPU
		{E7A80477-5332-449B-996B-B61B0E1D22CF}.Release|Any CPU.ActiveCfg = Release|Any CPU
		{E7A80477-5332-449B-996B-B61B0E1D22CF}.Release|Any CPU.Build.0 = Release|Any CPU
	EndGlobalSection
	GlobalSection(SolutionProperties) = preSolution
		HideSolutionNode = FALSE
	EndGlobalSection
	GlobalSection(ExtensibilityGlobals) = postSolution
		SolutionGuid = {B1236B79-26B9-42E1-B3A3-4AB078D6C3B6}
	EndGlobalSection
EndGlobal
